
Microsoft Visual Studio Solution File, Format Version 12.00
# Visual Studio Version 17
VisualStudioVersion = 17.12.35521.163 d17.12
MinimumVisualStudioVersion = 10.0.40219.1
Project("{FAE04EC0-301F-11D3-BF4B-00C04F79EFBC}") = "Tamagotchi", "Tamagotchi\Tamagotchi.csproj", "{BFF5E8E5-4489-41FF-8FF0-B1F226FD2432}"
EndProject
Project("{FAE04EC0-301F-11D3-BF4B-00C04F79EFBC}") = "TamagotchiLib", "TamagotchiLib\TamagotchiLib.csproj", "{D7ED52E6-7409-4A0C-B37C-B19B91B62E89}"
EndProject
Global
	GlobalSection(SolutionConfigurationPlatforms) = preSolution
		Debug|Any CPU = Debug|Any CPU
		Release|Any CPU = Release|Any CPU
	EndGlobalSection
	GlobalSection(ProjectConfigurationPlatforms) = postSolution
		{BFF5E8E5-4489-41FF-8FF0-B1F226FD2432}.Debug|Any CPU.ActiveCfg = Debug|Any CPU
		{BFF5E8E5-4489-41FF-8FF0-B1F226FD2432}.Debug|Any CPU.Build.0 = Debug|Any CPU
		{BFF5E8E5-4489-41FF-8FF0-B1F226FD2432}.Release|Any CPU.ActiveCfg = Release|Any CPU
		{BFF5E8E5-4489-41FF-8FF0-B1F226FD2432}.Release|Any CPU.Build.0 = Release|Any CPU
		{D7ED52E6-7409-4A0C-B37C-B19B91B62E89}.Debug|Any CPU.ActiveCfg = Debug|Any CPU
		{D7ED52E6-7409-4A0C-B37C-B19B91B62E89}.Debug|Any CPU.Build.0 = Debug|Any CPU
		{D7ED52E6-7409-4A0C-B37C-B19B91B62E89}.Release|Any CPU.ActiveCfg = Release|Any CPU
		{D7ED52E6-7409-4A0C-B37C-B19B91B62E89}.Release|Any CPU.Build.0 = Release|Any CPU
	EndGlobalSection
	GlobalSection(SolutionProperties) = preSolution
		HideSolutionNode = FALSE
	EndGlobalSection
EndGlobal
